
Microsoft Visual Studio Solution File, Format Version 12.00
# Visual Studio 15
VisualStudioVersion = 15.0.28010.2003
MinimumVisualStudioVersion = 10.0.40219.1
Project("{FAE04EC0-301F-11D3-BF4B-00C04F79EFBC}") = "Task 1", "Task 1\Task 1.csproj", "{EB1944F2-5D7C-4CB1-84DB-FFA7ED349213}"
EndProject
Project("{FAE04EC0-301F-11D3-BF4B-00C04F79EFBC}") = "Task 2", "Task 2\Task 2.csproj", "{5F1EFAF7-F081-4C4C-BB17-BBD6CF2CF151}"
EndProject
Project("{FAE04EC0-301F-11D3-BF4B-00C04F79EFBC}") = "Task 3", "Task 3\Task 3.csproj", "{6B014D2A-4362-408D-A81E-4C025BA8D829}"
EndProject
Global
	GlobalSection(SolutionConfigurationPlatforms) = preSolution
		Debug|Any CPU = Debug|Any CPU
		Release|Any CPU = Release|Any CPU
	EndGlobalSection
	GlobalSection(ProjectConfigurationPlatforms) = postSolution
		{EB1944F2-5D7C-4CB1-84DB-FFA7ED349213}.Debug|Any CPU.ActiveCfg = Debug|Any CPU
		{EB1944F2-5D7C-4CB1-84DB-FFA7ED349213}.Debug|Any CPU.Build.0 = Debug|Any CPU
		{EB1944F2-5D7C-4CB1-84DB-FFA7ED349213}.Release|Any CPU.ActiveCfg = Release|Any CPU
		{EB1944F2-5D7C-4CB1-84DB-FFA7ED349213}.Release|Any CPU.Build.0 = Release|Any CPU
		{5F1EFAF7-F081-4C4C-BB17-BBD6CF2CF151}.Debug|Any CPU.ActiveCfg = Debug|Any CPU
		{5F1EFAF7-F081-4C4C-BB17-BBD6CF2CF151}.Debug|Any CPU.Build.0 = Debug|Any CPU
		{5F1EFAF7-F081-4C4C-BB17-BBD6CF2CF151}.Release|Any CPU.ActiveCfg = Release|Any CPU
		{5F1EFAF7-F081-4C4C-BB17-BBD6CF2CF151}.Release|Any CPU.Build.0 = Release|Any CPU
		{6B014D2A-4362-408D-A81E-4C025BA8D829}.Debug|Any CPU.ActiveCfg = Debug|Any CPU
		{6B014D2A-4362-408D-A81E-4C025BA8D829}.Debug|Any CPU.Build.0 = Debug|Any CPU
		{6B014D2A-4362-408D-A81E-4C025BA8D829}.Release|Any CPU.ActiveCfg = Release|Any CPU
		{6B014D2A-4362-408D-A81E-4C025BA8D829}.Release|Any CPU.Build.0 = Release|Any CPU
	EndGlobalSection
	GlobalSection(SolutionProperties) = preSolution
		HideSolutionNode = FALSE
	EndGlobalSection
	GlobalSection(ExtensibilityGlobals) = postSolution
		SolutionGuid = {521065B8-D0D5-49AE-A71E-145CF8B0F289}
	EndGlobalSection
EndGlobal
